
Microsoft Visual Studio Solution File, Format Version 12.00
# Visual Studio Version 16
VisualStudioVersion = 16.0.30907.101
MinimumVisualStudioVersion = 10.0.40219.1
Project("{FAE04EC0-301F-11D3-BF4B-00C04F79EFBC}") = "ApplicantManagementSystem", "ApplicationManagementSystem\ApplicantManagementSystem.csproj", "{37AD84BC-068E-4413-B321-8538F58C8F8C}"
EndProject
Project("{FAE04EC0-301F-11D3-BF4B-00C04F79EFBC}") = "ApplicantManagementSystemBAL", "ApplicantManagementSystemBAL\ApplicantManagementSystemBAL.csproj", "{987DC1E8-D06E-485B-9180-D669AB7723BF}"
EndProject
Project("{FAE04EC0-301F-11D3-BF4B-00C04F79EFBC}") = "ApplicantManagementSystemDAL", "ApplicantManagementSystemDAL\ApplicantManagementSystemDAL.csproj", "{6DB9219D-6AE5-4CC5-B044-1B7CED74F8B0}"
EndProject
Project("{FAE04EC0-301F-11D3-BF4B-00C04F79EFBC}") = "ApplicantManagementTables", "ApplicantManagementTables\ApplicantManagementTables.csproj", "{9EC5F0AA-EF3B-41C0-8128-0DBA74A258D2}"
EndProject
Project("{FAE04EC0-301F-11D3-BF4B-00C04F79EFBC}") = "ApplicantManagementSystemExceptions", "ApplicantManagementExceptions\ApplicantManagementSystemExceptions.csproj", "{C15F5444-212B-4F4D-9895-5BC0C4FF5C2A}"
EndProject
Global
	GlobalSection(SolutionConfigurationPlatforms) = preSolution
		Debug|Any CPU = Debug|Any CPU
		Release|Any CPU = Release|Any CPU
	EndGlobalSection
	GlobalSection(ProjectConfigurationPlatforms) = postSolution
		{37AD84BC-068E-4413-B321-8538F58C8F8C}.Debug|Any CPU.ActiveCfg = Debug|Any CPU
		{37AD84BC-068E-4413-B321-8538F58C8F8C}.Debug|Any CPU.Build.0 = Debug|Any CPU
		{37AD84BC-068E-4413-B321-8538F58C8F8C}.Release|Any CPU.ActiveCfg = Release|Any CPU
		{37AD84BC-068E-4413-B321-8538F58C8F8C}.Release|Any CPU.Build.0 = Release|Any CPU
		{987DC1E8-D06E-485B-9180-D669AB7723BF}.Debug|Any CPU.ActiveCfg = Debug|Any CPU
		{987DC1E8-D06E-485B-9180-D669AB7723BF}.Debug|Any CPU.Build.0 = Debug|Any CPU
		{987DC1E8-D06E-485B-9180-D669AB7723BF}.Release|Any CPU.ActiveCfg = Release|Any CPU
		{987DC1E8-D06E-485B-9180-D669AB7723BF}.Release|Any CPU.Build.0 = Release|Any CPU
		{6DB9219D-6AE5-4CC5-B044-1B7CED74F8B0}.Debug|Any CPU.ActiveCfg = Debug|Any CPU
		{6DB9219D-6AE5-4CC5-B044-1B7CED74F8B0}.Debug|Any CPU.Build.0 = Debug|Any CPU
		{6DB9219D-6AE5-4CC5-B044-1B7CED74F8B0}.Release|Any CPU.ActiveCfg = Release|Any CPU
		{6DB9219D-6AE5-4CC5-B044-1B7CED74F8B0}.Release|Any CPU.Build.0 = Release|Any CPU
		{9EC5F0AA-EF3B-41C0-8128-0DBA74A258D2}.Debug|Any CPU.ActiveCfg = Debug|Any CPU
		{9EC5F0AA-EF3B-41C0-8128-0DBA74A258D2}.Debug|Any CPU.Build.0 = Debug|Any CPU
		{9EC5F0AA-EF3B-41C0-8128-0DBA74A258D2}.Release|Any CPU.ActiveCfg = Release|Any CPU
		{9EC5F0AA-EF3B-41C0-8128-0DBA74A258D2}.Release|Any CPU.Build.0 = Release|Any CPU
		{C15F5444-212B-4F4D-9895-5BC0C4FF5C2A}.Debug|Any CPU.ActiveCfg = Debug|Any CPU
		{C15F5444-212B-4F4D-9895-5BC0C4FF5C2A}.Debug|Any CPU.Build.0 = Debug|Any CPU
		{C15F5444-212B-4F4D-9895-5BC0C4FF5C2A}.Release|Any CPU.ActiveCfg = Release|Any CPU
		{C15F5444-212B-4F4D-9895-5BC0C4FF5C2A}.Release|Any CPU.Build.0 = Release|Any CPU
	EndGlobalSection
	GlobalSection(SolutionProperties) = preSolution
		HideSolutionNode = FALSE
	EndGlobalSection
	GlobalSection(ExtensibilityGlobals) = postSolution
		SolutionGuid = {EEA59BC5-3CEC-4536-B0D9-2B69DE726181}
	EndGlobalSection
EndGlobal
